// !$*UTF8*$!
{
	archiveVersion = 1;
	classes = {
	};
	objectVersion = 56;
	objects = {

/* Begin PBXBuildFile section */
		489AEFD22B68D27200ACE51D /* AppDelegate.swift in Sources */ = {isa = PBXBuildFile; fileRef = 489AEFD12B68D27200ACE51D /* AppDelegate.swift */; };
		489AEFD42B68D27200ACE51D /* SceneDelegate.swift in Sources */ = {isa = PBXBuildFile; fileRef = 489AEFD32B68D27200ACE51D /* SceneDelegate.swift */; };
		489AEFD62B68D27200ACE51D /* ViewController.swift in Sources */ = {isa = PBXBuildFile; fileRef = 489AEFD52B68D27200ACE51D /* ViewController.swift */; };
		489AEFD92B68D27200ACE51D /* Main.storyboard in Resources */ = {isa = PBXBuildFile; fileRef = 489AEFD72B68D27200ACE51D /* Main.storyboard */; };
		489AEFDC2B68D27200ACE51D /* CodingTestExample.xcdatamodeld in Sources */ = {isa = PBXBuildFile; fileRef = 489AEFDA2B68D27200ACE51D /* CodingTestExample.xcdatamodeld */; };
		489AEFDE2B68D27300ACE51D /* Assets.xcassets in Resources */ = {isa = PBXBuildFile; fileRef = 489AEFDD2B68D27300ACE51D /* Assets.xcassets */; };
		489AEFE12B68D27300ACE51D /* LaunchScreen.storyboard in Resources */ = {isa = PBXBuildFile; fileRef = 489AEFDF2B68D27300ACE51D /* LaunchScreen.storyboard */; };
		489AEFEC2B68D27300ACE51D /* CodingTestExampleTests.swift in Sources */ = {isa = PBXBuildFile; fileRef = 489AEFEB2B68D27300ACE51D /* CodingTestExampleTests.swift */; };
		489AEFF62B68D27300ACE51D /* CodingTestExampleUITests.swift in Sources */ = {isa = PBXBuildFile; fileRef = 489AEFF52B68D27300ACE51D /* CodingTestExampleUITests.swift */; };
		489AEFF82B68D27300ACE51D /* CodingTestExampleUITestsLaunchTests.swift in Sources */ = {isa = PBXBuildFile; fileRef = 489AEFF72B68D27300ACE51D /* CodingTestExampleUITestsLaunchTests.swift */; };
/* End PBXBuildFile section */

/* Begin PBXContainerItemProxy section */
		489AEFE82B68D27300ACE51D /* PBXContainerItemProxy */ = {
			isa = PBXContainerItemProxy;
			containerPortal = 489AEFC62B68D27200ACE51D /* Project object */;
			proxyType = 1;
			remoteGlobalIDString = 489AEFCD2B68D27200ACE51D;
			remoteInfo = CodingTestExample;
		};
		489AEFF22B68D27300ACE51D /* PBXContainerItemProxy */ = {
			isa = PBXContainerItemProxy;
			containerPortal = 489AEFC62B68D27200ACE51D /* Project object */;
			proxyType = 1;
			remoteGlobalIDString = 489AEFCD2B68D27200ACE51D;
			remoteInfo = CodingTestExample;
		};
/* End PBXContainerItemProxy section */

/* Begin PBXFileReference section */
		489AEFCE2B68D27200ACE51D /* CodingTestExample.app */ = {isa = PBXFileReference; explicitFileType = wrapper.application; includeInIndex = 0; path = CodingTestExample.app; sourceTree = BUILT_PRODUCTS_DIR; };
		489AEFD12B68D27200ACE51D /* AppDelegate.swift */ = {isa = PBXFileReference; lastKnownFileType = sourcecode.swift; path = AppDelegate.swift; sourceTree = "<group>"; };
		489AEFD32B68D27200ACE51D /* SceneDelegate.swift */ = {isa = PBXFileReference; lastKnownFileType = sourcecode.swift; path = SceneDelegate.swift; sourceTree = "<group>"; };
		489AEFD52B68D27200ACE51D /* ViewController.swift */ = {isa = PBXFileReference; lastKnownFileType = sourcecode.swift; path = ViewController.swift; sourceTree = "<group>"; };
		489AEFD82B68D27200ACE51D /* Base */ = {isa = PBXFileReference; lastKnownFileType = file.storyboard; name = Base; path = Base.lproj/Main.storyboard; sourceTree = "<group>"; };
		489AEFDB2B68D27200ACE51D /* CodingTestExample.xcdatamodel */ = {isa = PBXFileReference; lastKnownFileType = wrapper.xcdatamodel; path = CodingTestExample.xcdatamodel; sourceTree = "<group>"; };
		489AEFDD2B68D27300ACE51D /* Assets.xcassets */ = {isa = PBXFileReference; lastKnownFileType = folder.assetcatalog; path = Assets.xcassets; sourceTree = "<group>"; };
		489AEFE02B68D27300ACE51D /* Base */ = {isa = PBXFileReference; lastKnownFileType = file.storyboard; name = Base; path = Base.lproj/LaunchScreen.storyboard; sourceTree = "<group>"; };
		489AEFE22B68D27300ACE51D /* Info.plist */ = {isa = PBXFileReference; lastKnownFileType = text.plist.xml; path = Info.plist; sourceTree = "<group>"; };
		489AEFE72B68D27300ACE51D /* CodingTestExampleTests.xctest */ = {isa = PBXFileReference; explicitFileType = wrapper.cfbundle; includeInIndex = 0; path = CodingTestExampleTests.xctest; sourceTree = BUILT_PRODUCTS_DIR; };
		489AEFEB2B68D27300ACE51D /* CodingTestExampleTests.swift */ = {isa = PBXFileReference; lastKnownFileType = sourcecode.swift; path = CodingTestExampleTests.swift; sourceTree = "<group>"; };
		489AEFF12B68D27300ACE51D /* CodingTestExampleUITests.xctest */ = {isa = PBXFileReference; explicitFileType = wrapper.cfbundle; includeInIndex = 0; path = CodingTestExampleUITests.xctest; sourceTree = BUILT_PRODUCTS_DIR; };
		489AEFF52B68D27300ACE51D /* CodingTestExampleUITests.swift */ = {isa = PBXFileReference; lastKnownFileType = sourcecode.swift; path = CodingTestExampleUITests.swift; sourceTree = "<group>"; };
		489AEFF72B68D27300ACE51D /* CodingTestExampleUITestsLaunchTests.swift */ = {isa = PBXFileReference; lastKnownFileType = sourcecode.swift; path = CodingTestExampleUITestsLaunchTests.swift; sourceTree = "<group>"; };
/* End PBXFileReference section */

/* Begin PBXFrameworksBuildPhase section */
		489AEFCB2B68D27200ACE51D /* Frameworks */ = {
			isa = PBXFrameworksBuildPhase;
			buildActionMask = 2147483647;
			files = (
			);
			runOnlyForDeploymentPostprocessing = 0;
		};
		489AEFE42B68D27300ACE51D /* Frameworks */ = {
			isa = PBXFrameworksBuildPhase;
			buildActionMask = 2147483647;
			files = (
			);
			runOnlyForDeploymentPostprocessing = 0;
		};
		489AEFEE2B68D27300ACE51D /* Frameworks */ = {
			isa = PBXFrameworksBuildPhase;
			buildActionMask = 2147483647;
			files = (
			);
			runOnlyForDeploymentPostprocessing = 0;
		};
/* End PBXFrameworksBuildPhase section */

/* Begin PBXGroup section */
		489AEFC52B68D27200ACE51D = {
			isa = PBXGroup;
			children = (
				489AEFD02B68D27200ACE51D /* CodingTestExample */,
				489AEFEA2B68D27300ACE51D /* CodingTestExampleTests */,
				489AEFF42B68D27300ACE51D /* CodingTestExampleUITests */,
				489AEFCF2B68D27200ACE51D /* Products */,
			);
			sourceTree = "<group>";
		};
		489AEFCF2B68D27200ACE51D /* Products */ = {
			isa = PBXGroup;
			children = (
				489AEFCE2B68D27200ACE51D /* CodingTestExample.app */,
				489AEFE72B68D27300ACE51D /* CodingTestExampleTests.xctest */,
				489AEFF12B68D27300ACE51D /* CodingTestExampleUITests.xctest */,
			);
			name = Products;
			sourceTree = "<group>";
		};
		489AEFD02B68D27200ACE51D /* CodingTestExample */ = {
			isa = PBXGroup;
			children = (
				489AEFD12B68D27200ACE51D /* AppDelegate.swift */,
				489AEFD32B68D27200ACE51D /* SceneDelegate.swift */,
				489AEFD52B68D27200ACE51D /* ViewController.swift */,
				489AEFD72B68D27200ACE51D /* Main.storyboard */,
				489AEFDD2B68D27300ACE51D /* Assets.xcassets */,
				489AEFDF2B68D27300ACE51D /* LaunchScreen.storyboard */,
				489AEFE22B68D27300ACE51D /* Info.plist */,
				489AEFDA2B68D27200ACE51D /* CodingTestExample.xcdatamodeld */,
			);
			path = CodingTestExample;
			sourceTree = "<group>";
		};
		489AEFEA2B68D27300ACE51D /* CodingTestExampleTests */ = {
			isa = PBXGroup;
			children = (
				489AEFEB2B68D27300ACE51D /* CodingTestExampleTests.swift */,
			);
			path = CodingTestExampleTests;
			sourceTree = "<group>";
		};
		489AEFF42B68D27300ACE51D /* CodingTestExampleUITests */ = {
			isa = PBXGroup;
			children = (
				489AEFF52B68D27300ACE51D /* CodingTestExampleUITests.swift */,
				489AEFF72B68D27300ACE51D /* CodingTestExampleUITestsLaunchTests.swift */,
			);
			path = CodingTestExampleUITests;
			sourceTree = "<group>";
		};
/* End PBXGroup section */

/* Begin PBXNativeTarget section */
		489AEFCD2B68D27200ACE51D /* CodingTestExample */ = {
			isa = PBXNativeTarget;
			buildConfigurationList = 489AEFFB2B68D27300ACE51D /* Build configuration list for PBXNativeTarget "CodingTestExample" */;
			buildPhases = (
				489AEFCA2B68D27200ACE51D /* Sources */,
				489AEFCB2B68D27200ACE51D /* Frameworks */,
				489AEFCC2B68D27200ACE51D /* Resources */,
			);
			buildRules = (
			);
			dependencies = (
			);
			name = CodingTestExample;
			productName = CodingTestExample;
			productReference = 489AEFCE2B68D27200ACE51D /* CodingTestExample.app */;
			productType = "com.apple.product-type.application";
		};
		489AEFE62B68D27300ACE51D /* CodingTestExampleTests */ = {
			isa = PBXNativeTarget;
			buildConfigurationList = 489AEFFE2B68D27300ACE51D /* Build configuration list for PBXNativeTarget "CodingTestExampleTests" */;
			buildPhases = (
				489AEFE32B68D27300ACE51D /* Sources */,
				489AEFE42B68D27300ACE51D /* Frameworks */,
				489AEFE52B68D27300ACE51D /* Resources */,
			);
			buildRules = (
			);
			dependencies = (
				489AEFE92B68D27300ACE51D /* PBXTargetDependency */,
			);
			name = CodingTestExampleTests;
			productName = CodingTestExampleTests;
			productReference = 489AEFE72B68D27300ACE51D /* CodingTestExampleTests.xctest */;
			productType = "com.apple.product-type.bundle.unit-test";
		};
		489AEFF02B68D27300ACE51D /* CodingTestExampleUITests */ = {
			isa = PBXNativeTarget;
			buildConfigurationList = 489AF0012B68D27300ACE51D /* Build configuration list for PBXNativeTarget "CodingTestExampleUITests" */;
			buildPhases = (
				489AEFED2B68D27300ACE51D /* Sources */,
				489AEFEE2B68D27300ACE51D /* Frameworks */,
				489AEFEF2B68D27300ACE51D /* Resources */,
			);
			buildRules = (
			);
			dependencies = (
				489AEFF32B68D27300ACE51D /* PBXTargetDependency */,
			);
			name = CodingTestExampleUITests;
			productName = CodingTestExampleUITests;
			productReference = 489AEFF12B68D27300ACE51D /* CodingTestExampleUITests.xctest */;
			productType = "com.apple.product-type.bundle.ui-testing";
		};
/* End PBXNativeTarget section */

/* Begin PBXProject section */
		489AEFC62B68D27200ACE51D /* Project object */ = {
			isa = PBXProject;
			attributes = {
				BuildIndependentTargetsInParallel = 1;
				LastSwiftUpdateCheck = 1510;
				LastUpgradeCheck = 1510;
				TargetAttributes = {
					489AEFCD2B68D27200ACE51D = {
						CreatedOnToolsVersion = 15.1;
					};
					489AEFE62B68D27300ACE51D = {
						CreatedOnToolsVersion = 15.1;
						TestTargetID = 489AEFCD2B68D27200ACE51D;
					};
					489AEFF02B68D27300ACE51D = {
						CreatedOnToolsVersion = 15.1;
						TestTargetID = 489AEFCD2B68D27200ACE51D;
					};
				};
			};
			buildConfigurationList = 489AEFC92B68D27200ACE51D /* Build configuration list for PBXProject "CodingTestExample" */;
			compatibilityVersion = "Xcode 14.0";
			developmentRegion = en;
			hasScannedForEncodings = 0;
			knownRegions = (
				en,
				Base,
			);
			mainGroup = 489AEFC52B68D27200ACE51D;
			productRefGroup = 489AEFCF2B68D27200ACE51D /* Products */;
			projectDirPath = "";
			projectRoot = "";
			targets = (
				489AEFCD2B68D27200ACE51D /* CodingTestExample */,
				489AEFE62B68D27300ACE51D /* CodingTestExampleTests */,
				489AEFF02B68D27300ACE51D /* CodingTestExampleUITests */,
			);
		};
/* End PBXProject section */

/* Begin PBXResourcesBuildPhase section */
		489AEFCC2B68D27200ACE51D /* Resources */ = {
			isa = PBXResourcesBuildPhase;
			buildActionMask = 2147483647;
			files = (
				489AEFE12B68D27300ACE51D /* LaunchScreen.storyboard in Resources */,
				489AEFDE2B68D27300ACE51D /* Assets.xcassets in Resources */,
				489AEFD92B68D27200ACE51D /* Main.storyboard in Resources */,
			);
			runOnlyForDeploymentPostprocessing = 0;
		};
		489AEFE52B68D27300ACE51D /* Resources */ = {
			isa = PBXResourcesBuildPhase;
			buildActionMask = 2147483647;
			files = (
			);
			runOnlyForDeploymentPostprocessing = 0;
		};
		489AEFEF2B68D27300ACE51D /* Resources */ = {
			isa = PBXResourcesBuildPhase;
			buildActionMask = 2147483647;
			files = (
			);
			runOnlyForDeploymentPostprocessing = 0;
		};
/* End PBXResourcesBuildPhase section */

/* Begin PBXSourcesBuildPhase section */
		489AEFCA2B68D27200ACE51D /* Sources */ = {
			isa = PBXSourcesBuildPhase;
			buildActionMask = 2147483647;
			files = (
				489AEFD62B68D27200ACE51D /* ViewController.swift in Sources */,
				489AEFD22B68D27200ACE51D /* AppDelegate.swift in Sources */,
				489AEFDC2B68D27200ACE51D /* CodingTestExample.xcdatamodeld in Sources */,
				489AEFD42B68D27200ACE51D /* SceneDelegate.swift in Sources */,
			);
			runOnlyForDeploymentPostprocessing = 0;
		};
		489AEFE32B68D27300ACE51D /* Sources */ = {
			isa = PBXSourcesBuildPhase;
			buildActionMask = 2147483647;
			files = (
				489AEFEC2B68D27300ACE51D /* CodingTestExampleTests.swift in Sources */,
			);
			runOnlyForDeploymentPostprocessing = 0;
		};
		489AEFED2B68D27300ACE51D /* Sources */ = {
			isa = PBXSourcesBuildPhase;
			buildActionMask = 2147483647;
			files = (
				489AEFF62B68D27300ACE51D /* CodingTestExampleUITests.swift in Sources */,
				489AEFF82B68D27300ACE51D /* CodingTestExampleUITestsLaunchTests.swift in Sources */,
			);
			runOnlyForDeploymentPostprocessing = 0;
		};
/* End PBXSourcesBuildPhase section */

/* Begin PBXTargetDependency section */
		489AEFE92B68D27300ACE51D /* PBXTargetDependency */ = {
			isa = PBXTargetDependency;
			target = 489AEFCD2B68D27200ACE51D /* CodingTestExample */;
			targetProxy = 489AEFE82B68D27300ACE51D /* PBXContainerItemProxy */;
		};
		489AEFF32B68D27300ACE51D /* PBXTargetDependency */ = {
			isa = PBXTargetDependency;
			target = 489AEFCD2B68D27200ACE51D /* CodingTestExample */;
			targetProxy = 489AEFF22B68D27300ACE51D /* PBXContainerItemProxy */;
		};
/* End PBXTargetDependency section */

/* Begin PBXVariantGroup section */
		489AEFD72B68D27200ACE51D /* Main.storyboard */ = {
			isa = PBXVariantGroup;
			children = (
				489AEFD82B68D27200ACE51D /* Base */,
			);
			name = Main.storyboard;
			sourceTree = "<group>";
		};
		489AEFDF2B68D27300ACE51D /* LaunchScreen.storyboard */ = {
			isa = PBXVariantGroup;
			children = (
				489AEFE02B68D27300ACE51D /* Base */,
			);
			name = LaunchScreen.storyboard;
			sourceTree = "<group>";
		};
/* End PBXVariantGroup section */

/* Begin XCBuildConfiguration section */
		489AEFF92B68D27300ACE51D /* Debug */ = {
			isa = XCBuildConfiguration;
			buildSettings = {
				ALWAYS_SEARCH_USER_PATHS = NO;
				ASSETCATALOG_COMPILER_GENERATE_SWIFT_ASSET_SYMBOL_EXTENSIONS = YES;
				CLANG_ANALYZER_NONNULL = YES;
				CLANG_ANALYZER_NUMBER_OBJECT_CONVERSION = YES_AGGRESSIVE;
				CLANG_CXX_LANGUAGE_STANDARD = "gnu++20";
				CLANG_ENABLE_MODULES = YES;
				CLANG_ENABLE_OBJC_ARC = YES;
				CLANG_ENABLE_OBJC_WEAK = YES;
				CLANG_WARN_BLOCK_CAPTURE_AUTORELEASING = YES;
				CLANG_WARN_BOOL_CONVERSION = YES;
				CLANG_WARN_COMMA = YES;
				CLANG_WARN_CONSTANT_CONVERSION = YES;
				CLANG_WARN_DEPRECATED_OBJC_IMPLEMENTATIONS = YES;
				CLANG_WARN_DIRECT_OBJC_ISA_USAGE = YES_ERROR;
				CLANG_WARN_DOCUMENTATION_COMMENTS = YES;
				CLANG_WARN_EMPTY_BODY = YES;
				CLANG_WARN_ENUM_CONVERSION = YES;
				CLANG_WARN_INFINITE_RECURSION = YES;
				CLANG_WARN_INT_CONVERSION = YES;
				CLANG_WARN_NON_LITERAL_NULL_CONVERSION = YES;
				CLANG_WARN_OBJC_IMPLICIT_RETAIN_SELF = YES;
				CLANG_WARN_OBJC_LITERAL_CONVERSION = YES;
				CLANG_WARN_OBJC_ROOT_CLASS = YES_ERROR;
				CLANG_WARN_QUOTED_INCLUDE_IN_FRAMEWORK_HEADER = YES;
				CLANG_WARN_RANGE_LOOP_ANALYSIS = YES;
				CLANG_WARN_STRICT_PROTOTYPES = YES;
				CLANG_WARN_SUSPICIOUS_MOVE = YES;
				CLANG_WARN_UNGUARDED_AVAILABILITY = YES_AGGRESSIVE;
				CLANG_WARN_UNREACHABLE_CODE = YES;
				CLANG_WARN__DUPLICATE_METHOD_MATCH = YES;
				COPY_PHASE_STRIP = NO;
				DEBUG_INFORMATION_FORMAT = dwarf;
				ENABLE_STRICT_OBJC_MSGSEND = YES;
				ENABLE_TESTABILITY = YES;
				ENABLE_USER_SCRIPT_SANDBOXING = YES;
				GCC_C_LANGUAGE_STANDARD = gnu17;
				GCC_DYNAMIC_NO_PIC = NO;
				GCC_NO_COMMON_BLOCKS = YES;
				GCC_OPTIMIZATION_LEVEL = 0;
				GCC_PREPROCESSOR_DEFINITIONS = (
					"DEBUG=1",
					"$(inherited)",
				);
				GCC_WARN_64_TO_32_BIT_CONVERSION = YES;
				GCC_WARN_ABOUT_RETURN_TYPE = YES_ERROR;
				GCC_WARN_UNDECLARED_SELECTOR = YES;
				GCC_WARN_UNINITIALIZED_AUTOS = YES_AGGRESSIVE;
				GCC_WARN_UNUSED_FUNCTION = YES;
				GCC_WARN_UNUSED_VARIABLE = YES;
				IPHONEOS_DEPLOYMENT_TARGET = 17.2;
				LOCALIZATION_PREFERS_STRING_CATALOGS = YES;
				MTL_ENABLE_DEBUG_INFO = INCLUDE_SOURCE;
				MTL_FAST_MATH = YES;
				ONLY_ACTIVE_ARCH = YES;
				SDKROOT = iphoneos;
				SWIFT_ACTIVE_COMPILATION_CONDITIONS = "DEBUG $(inherited)";
				SWIFT_OPTIMIZATION_LEVEL = "-Onone";
			};
			name = Debug;
		};
		489AEFFA2B68D27300ACE51D /* Release */ = {
			isa = XCBuildConfiguration;
			buildSettings = {
				ALWAYS_SEARCH_USER_PATHS = NO;
				ASSETCATALOG_COMPILER_GENERATE_SWIFT_ASSET_SYMBOL_EXTENSIONS = YES;
				CLANG_ANALYZER_NONNULL = YES;
				CLANG_ANALYZER_NUMBER_OBJECT_CONVERSION = YES_AGGRESSIVE;
				CLANG_CXX_LANGUAGE_STANDARD = "gnu++20";
				CLANG_ENABLE_MODULES = YES;
				CLANG_ENABLE_OBJC_ARC = YES;
				CLANG_ENABLE_OBJC_WEAK = YES;
				CLANG_WARN_BLOCK_CAPTURE_AUTORELEASING = YES;
				CLANG_WARN_BOOL_CONVERSION = YES;
				CLANG_WARN_COMMA = YES;
				CLANG_WARN_CONSTANT_CONVERSION = YES;
				CLANG_WARN_DEPRECATED_OBJC_IMPLEMENTATIONS = YES;
				CLANG_WARN_DIRECT_OBJC_ISA_USAGE = YES_ERROR;
				CLANG_WARN_DOCUMENTATION_COMMENTS = YES;
				CLANG_WARN_EMPTY_BODY = YES;
				CLANG_WARN_ENUM_CONVERSION = YES;
				CLANG_WARN_INFINITE_RECURSION = YES;
				CLANG_WARN_INT_CONVERSION = YES;
				CLANG_WARN_NON_LITERAL_NULL_CONVERSION = YES;
				CLANG_WARN_OBJC_IMPLICIT_RETAIN_SELF = YES;
				CLANG_WARN_OBJC_LITERAL_CONVERSION = YES;
				CLANG_WARN_OBJC_ROOT_CLASS = YES_ERROR;
				CLANG_WARN_QUOTED_INCLUDE_IN_FRAMEWORK_HEADER = YES;
				CLANG_WARN_RANGE_LOOP_ANALYSIS = YES;
				CLANG_WARN_STRICT_PROTOTYPES = YES;
				CLANG_WARN_SUSPICIOUS_MOVE = YES;
				CLANG_WARN_UNGUARDED_AVAILABILITY = YES_AGGRESSIVE;
				CLANG_WARN_UNREACHABLE_CODE = YES;
				CLANG_WARN__DUPLICATE_METHOD_MATCH = YES;
				COPY_PHASE_STRIP = NO;
				DEBUG_INFORMATION_FORMAT = "dwarf-with-dsym";
				ENABLE_NS_ASSERTIONS = NO;
				ENABLE_STRICT_OBJC_MSGSEND = YES;
				ENABLE_USER_SCRIPT_SANDBOXING = YES;
				GCC_C_LANGUAGE_STANDARD = gnu17;
				GCC_NO_COMMON_BLOCKS = YES;
				GCC_WARN_64_TO_32_BIT_CONVERSION = YES;
				GCC_WARN_ABOUT_RETURN_TYPE = YES_ERROR;
				GCC_WARN_UNDECLARED_SELECTOR = YES;
				GCC_WARN_UNINITIALIZED_AUTOS = YES_AGGRESSIVE;
				GCC_WARN_UNUSED_FUNCTION = YES;
				GCC_WARN_UNUSED_VARIABLE = YES;
				IPHONEOS_DEPLOYMENT_TARGET = 17.2;
				LOCALIZATION_PREFERS_STRING_CATALOGS = YES;
				MTL_ENABLE_DEBUG_INFO = NO;
				MTL_FAST_MATH = YES;
				SDKROOT = iphoneos;
				SWIFT_COMPILATION_MODE = wholemodule;
				VALIDATE_PRODUCT = YES;
			};
			name = Release;
		};
		489AEFFC2B68D27300ACE51D /* Debug */ = {
			isa = XCBuildConfiguration;
			buildSettings = {
				ASSETCATALOG_COMPILER_APPICON_NAME = AppIcon;
				ASSETCATALOG_COMPILER_GLOBAL_ACCENT_COLOR_NAME = AccentColor;
				CODE_SIGN_STYLE = Automatic;
				CURRENT_PROJECT_VERSION = 1;
				GENERATE_INFOPLIST_FILE = YES;
				INFOPLIST_FILE = CodingTestExample/Info.plist;
				INFOPLIST_KEY_UIApplicationSupportsIndirectInputEvents = YES;
				INFOPLIST_KEY_UILaunchStoryboardName = LaunchScreen;
				INFOPLIST_KEY_UIMainStoryboardFile = Main;
				INFOPLIST_KEY_UISupportedInterfaceOrientations_iPad = "UIInterfaceOrientationPortrait UIInterfaceOrientationPortraitUpsideDown UIInterfaceOrientationLandscapeLeft UIInterfaceOrientationLandscapeRight";
				INFOPLIST_KEY_UISupportedInterfaceOrientations_iPhone = "UIInterfaceOrientationPortrait UIInterfaceOrientationLandscapeLeft UIInterfaceOrientationLandscapeRight";
				LD_RUNPATH_SEARCH_PATHS = (
					"$(inherited)",
					"@executable_path/Frameworks",
				);
				MARKETING_VERSION = 1.0;
				PRODUCT_BUNDLE_IDENTIFIER = com.perennialsystem.CodingTestExample;
				PRODUCT_NAME = "$(TARGET_NAME)";
				SWIFT_EMIT_LOC_STRINGS = YES;
				SWIFT_VERSION = 5.0;
				TARGETED_DEVICE_FAMILY = "1,2";
			};
			name = Debug;
		};
		489AEFFD2B68D27300ACE51D /* Release */ = {
			isa = XCBuildConfiguration;
			buildSettings = {
				ASSETCATALOG_COMPILER_APPICON_NAME = AppIcon;
				ASSETCATALOG_COMPILER_GLOBAL_ACCENT_COLOR_NAME = AccentColor;
				CODE_SIGN_STYLE = Automatic;
				CURRENT_PROJECT_VERSION = 1;
				GENERATE_INFOPLIST_FILE = YES;
				INFOPLIST_FILE = CodingTestExample/Info.plist;
				INFOPLIST_KEY_UIApplicationSupportsIndirectInputEvents = YES;
				INFOPLIST_KEY_UILaunchStoryboardName = LaunchScreen;
				INFOPLIST_KEY_UIMainStoryboardFile = Main;
				INFOPLIST_KEY_UISupportedInterfaceOrientations_iPad = "UIInterfaceOrientationPortrait UIInterfaceOrientationPortraitUpsideDown UIInterfaceOrientationLandscapeLeft UIInterfaceOrientationLandscapeRight";
				INFOPLIST_KEY_UISupportedInterfaceOrientations_iPhone = "UIInterfaceOrientationPortrait UIInterfaceOrientationLandscapeLeft UIInterfaceOrientationLandscapeRight";
				LD_RUNPATH_SEARCH_PATHS = (
					"$(inherited)",
					"@executable_path/Frameworks",
				);
				MARKETING_VERSION = 1.0;
				PRODUCT_BUNDLE_IDENTIFIER = com.perennialsystem.CodingTestExample;
				PRODUCT_NAME = "$(TARGET_NAME)";
				SWIFT_EMIT_LOC_STRINGS = YES;
				SWIFT_VERSION = 5.0;
				TARGETED_DEVICE_FAMILY = "1,2";
			};
			name = Release;
		};
		489AEFFF2B68D27300ACE51D /* Debug */ = {
			isa = XCBuildConfiguration;
			buildSettings = {
				ALWAYS_EMBED_SWIFT_STANDARD_LIBRARIES = YES;
				BUNDLE_LOADER = "$(TEST_HOST)";
				CODE_SIGN_STYLE = Automatic;
				CURRENT_PROJECT_VERSION = 1;
				GENERATE_INFOPLIST_FILE = YES;
				IPHONEOS_DEPLOYMENT_TARGET = 17.2;
				MARKETING_VERSION = 1.0;
				PRODUCT_BUNDLE_IDENTIFIER = com.perennialsystem.CodingTestExampleTests;
				PRODUCT_NAME = "$(TARGET_NAME)";
				SWIFT_EMIT_LOC_STRINGS = NO;
				SWIFT_VERSION = 5.0;
				TARGETED_DEVICE_FAMILY = "1,2";
				TEST_HOST = "$(BUILT_PRODUCTS_DIR)/CodingTestExample.app/$(BUNDLE_EXECUTABLE_FOLDER_PATH)/CodingTestExample";
			};
			name = Debug;
		};
		489AF0002B68D27300ACE51D /* Release */ = {
			isa = XCBuildConfiguration;
			buildSettings = {
				ALWAYS_EMBED_SWIFT_STANDARD_LIBRARIES = YES;
				BUNDLE_LOADER = "$(TEST_HOST)";
				CODE_SIGN_STYLE = Automatic;
				CURRENT_PROJECT_VERSION = 1;
				GENERATE_INFOPLIST_FILE = YES;
				IPHONEOS_DEPLOYMENT_TARGET = 17.2;
				MARKETING_VERSION = 1.0;
				PRODUCT_BUNDLE_IDENTIFIER = com.perennialsystem.CodingTestExampleTests;
				PRODUCT_NAME = "$(TARGET_NAME)";
				SWIFT_EMIT_LOC_STRINGS = NO;
				SWIFT_VERSION = 5.0;
				TARGETED_DEVICE_FAMILY = "1,2";
				TEST_HOST = "$(BUILT_PRODUCTS_DIR)/CodingTestExample.app/$(BUNDLE_EXECUTABLE_FOLDER_PATH)/CodingTestExample";
			};
			name = Release;
		};
		489AF0022B68D27300ACE51D /* Debug */ = {
			isa = XCBuildConfiguration;
			buildSettings = {
				ALWAYS_EMBED_SWIFT_STANDARD_LIBRARIES = YES;
				CODE_SIGN_STYLE = Automatic;
				CURRENT_PROJECT_VERSION = 1;
				GENERATE_INFOPLIST_FILE = YES;
				MARKETING_VERSION = 1.0;
				PRODUCT_BUNDLE_IDENTIFIER = com.perennialsystem.CodingTestExampleUITests;
				PRODUCT_NAME = "$(TARGET_NAME)";
				SWIFT_EMIT_LOC_STRINGS = NO;
				SWIFT_VERSION = 5.0;
				TARGETED_DEVICE_FAMILY = "1,2";
				TEST_TARGET_NAME = CodingTestExample;
			};
			name = Debug;
		};
		489AF0032B68D27300ACE51D /* Release */ = {
			isa = XCBuildConfiguration;
			buildSettings = {
				ALWAYS_EMBED_SWIFT_STANDARD_LIBRARIES = YES;
				CODE_SIGN_STYLE = Automatic;
				CURRENT_PROJECT_VERSION = 1;
				GENERATE_INFOPLIST_FILE = YES;
				MARKETING_VERSION = 1.0;
				PRODUCT_BUNDLE_IDENTIFIER = com.perennialsystem.CodingTestExampleUITests;
				PRODUCT_NAME = "$(TARGET_NAME)";
				SWIFT_EMIT_LOC_STRINGS = NO;
				SWIFT_VERSION = 5.0;
				TARGETED_DEVICE_FAMILY = "1,2";
				TEST_TARGET_NAME = CodingTestExample;
			};
			name = Release;
		};
/* End XCBuildConfiguration section */

/* Begin XCConfigurationList section */
		489AEFC92B68D27200ACE51D /* Build configuration list for PBXProject "CodingTestExample" */ = {
			isa = XCConfigurationList;
			buildConfigurations = (
				489AEFF92B68D27300ACE51D /* Debug */,
				489AEFFA2B68D27300ACE51D /* Release */,
			);
			defaultConfigurationIsVisible = 0;
			defaultConfigurationName = Release;
		};
		489AEFFB2B68D27300ACE51D /* Build configuration list for PBXNativeTarget "CodingTestExample" */ = {
			isa = XCConfigurationList;
			buildConfigurations = (
				489AEFFC2B68D27300ACE51D /* Debug */,
				489AEFFD2B68D27300ACE51D /* Release */,
			);
			defaultConfigurationIsVisible = 0;
			defaultConfigurationName = Release;
		};
		489AEFFE2B68D27300ACE51D /* Build configuration list for PBXNativeTarget "CodingTestExampleTests" */ = {
			isa = XCConfigurationList;
			buildConfigurations = (
				489AEFFF2B68D27300ACE51D /* Debug */,
				489AF0002B68D27300ACE51D /* Release */,
			);
			defaultConfigurationIsVisible = 0;
			defaultConfigurationName = Release;
		};
		489AF0012B68D27300ACE51D /* Build configuration list for PBXNativeTarget "CodingTestExampleUITests" */ = {
			isa = XCConfigurationList;
			buildConfigurations = (
				489AF0022B68D27300ACE51D /* Debug */,
				489AF0032B68D27300ACE51D /* Release */,
			);
			defaultConfigurationIsVisible = 0;
			defaultConfigurationName = Release;
		};
/* End XCConfigurationList section */

/* Begin XCVersionGroup section */
		489AEFDA2B68D27200ACE51D /* CodingTestExample.xcdatamodeld */ = {
			isa = XCVersionGroup;
			children = (
				489AEFDB2B68D27200ACE51D /* CodingTestExample.xcdatamodel */,
			);
			currentVersion = 489AEFDB2B68D27200ACE51D /* CodingTestExample.xcdatamodel */;
			path = CodingTestExample.xcdatamodeld;
			sourceTree = "<group>";
			versionGroupType = wrapper.xcdatamodel;
		};
/* End XCVersionGroup section */
	};
	rootObject = 489AEFC62B68D27200ACE51D /* Project object */;
}
